// !$*UTF8*$!
{
	archiveVersion = 1;
	classes = {
	};
	objectVersion = 46;
	objects = {

/* Begin PBXBuildFile section */
		1D98AAFF1D95C81400BF421C /* AppDelegate.swift in Sources */ = {isa = PBXBuildFile; fileRef = 1D98AAFE1D95C81400BF421C /* AppDelegate.swift */; };
		1D98AB011D95C81400BF421C /* ViewController.swift in Sources */ = {isa = PBXBuildFile; fileRef = 1D98AB001D95C81400BF421C /* ViewController.swift */; };
		1D98AB041D95C81400BF421C /* Main.storyboard in Resources */ = {isa = PBXBuildFile; fileRef = 1D98AB021D95C81400BF421C /* Main.storyboard */; };
		1D98AB061D95C81400BF421C /* Assets.xcassets in Resources */ = {isa = PBXBuildFile; fileRef = 1D98AB051D95C81400BF421C /* Assets.xcassets */; };
		1D98AB091D95C81400BF421C /* LaunchScreen.storyboard in Resources */ = {isa = PBXBuildFile; fileRef = 1D98AB071D95C81400BF421C /* LaunchScreen.storyboard */; };
		1D98AB141D95C81400BF421C /* QuizTests.swift in Sources */ = {isa = PBXBuildFile; fileRef = 1D98AB131D95C81400BF421C /* QuizTests.swift */; };
		1D98AB1F1D95C81400BF421C /* QuizUITests.swift in Sources */ = {isa = PBXBuildFile; fileRef = 1D98AB1E1D95C81400BF421C /* QuizUITests.swift */; };
/* End PBXBuildFile section */

/* Begin PBXContainerItemProxy section */
		1D98AB101D95C81400BF421C /* PBXContainerItemProxy */ = {
			isa = PBXContainerItemProxy;
			containerPortal = 1D98AAF31D95C81400BF421C /* Project object */;
			proxyType = 1;
			remoteGlobalIDString = 1D98AAFA1D95C81400BF421C;
			remoteInfo = Quiz;
		};
		1D98AB1B1D95C81400BF421C /* PBXContainerItemProxy */ = {
			isa = PBXContainerItemProxy;
			containerPortal = 1D98AAF31D95C81400BF421C /* Project object */;
			proxyType = 1;
			remoteGlobalIDString = 1D98AAFA1D95C81400BF421C;
			remoteInfo = Quiz;
		};
/* End PBXContainerItemProxy section */

/* Begin PBXFileReference section */
		1D98AAFB1D95C81400BF421C /* Quiz.app */ = {isa = PBXFileReference; explicitFileType = wrapper.application; includeInIndex = 0; path = Quiz.app; sourceTree = BUILT_PRODUCTS_DIR; };
		1D98AAFE1D95C81400BF421C /* AppDelegate.swift */ = {isa = PBXFileReference; lastKnownFileType = sourcecode.swift; path = AppDelegate.swift; sourceTree = "<group>"; };
		1D98AB001D95C81400BF421C /* ViewController.swift */ = {isa = PBXFileReference; lastKnownFileType = sourcecode.swift; path = ViewController.swift; sourceTree = "<group>"; };
		1D98AB031D95C81400BF421C /* Base */ = {isa = PBXFileReference; lastKnownFileType = file.storyboard; name = Base; path = Base.lproj/Main.storyboard; sourceTree = "<group>"; };
		1D98AB051D95C81400BF421C /* Assets.xcassets */ = {isa = PBXFileReference; lastKnownFileType = folder.assetcatalog; path = Assets.xcassets; sourceTree = "<group>"; };
		1D98AB081D95C81400BF421C /* Base */ = {isa = PBXFileReference; lastKnownFileType = file.storyboard; name = Base; path = Base.lproj/LaunchScreen.storyboard; sourceTree = "<group>"; };
		1D98AB0A1D95C81400BF421C /* Info.plist */ = {isa = PBXFileReference; lastKnownFileType = text.plist.xml; path = Info.plist; sourceTree = "<group>"; };
		1D98AB0F1D95C81400BF421C /* QuizTests.xctest */ = {isa = PBXFileReference; explicitFileType = wrapper.cfbundle; includeInIndex = 0; path = QuizTests.xctest; sourceTree = BUILT_PRODUCTS_DIR; };
		1D98AB131D95C81400BF421C /* QuizTests.swift */ = {isa = PBXFileReference; lastKnownFileType = sourcecode.swift; path = QuizTests.swift; sourceTree = "<group>"; };
		1D98AB151D95C81400BF421C /* Info.plist */ = {isa = PBXFileReference; lastKnownFileType = text.plist.xml; path = Info.plist; sourceTree = "<group>"; };
		1D98AB1A1D95C81400BF421C /* QuizUITests.xctest */ = {isa = PBXFileReference; explicitFileType = wrapper.cfbundle; includeInIndex = 0; path = QuizUITests.xctest; sourceTree = BUILT_PRODUCTS_DIR; };
		1D98AB1E1D95C81400BF421C /* QuizUITests.swift */ = {isa = PBXFileReference; lastKnownFileType = sourcecode.swift; path = QuizUITests.swift; sourceTree = "<group>"; };
		1D98AB201D95C81400BF421C /* Info.plist */ = {isa = PBXFileReference; lastKnownFileType = text.plist.xml; path = Info.plist; sourceTree = "<group>"; };
/* End PBXFileReference section */

/* Begin PBXFrameworksBuildPhase section */
		1D98AAF81D95C81400BF421C /* Frameworks */ = {
			isa = PBXFrameworksBuildPhase;
			buildActionMask = 2147483647;
			files = (
			);
			runOnlyForDeploymentPostprocessing = 0;
		};
		1D98AB0C1D95C81400BF421C /* Frameworks */ = {
			isa = PBXFrameworksBuildPhase;
			buildActionMask = 2147483647;
			files = (
			);
			runOnlyForDeploymentPostprocessing = 0;
		};
		1D98AB171D95C81400BF421C /* Frameworks */ = {
			isa = PBXFrameworksBuildPhase;
			buildActionMask = 2147483647;
			files = (
			);
			runOnlyForDeploymentPostprocessing = 0;
		};
/* End PBXFrameworksBuildPhase section */

/* Begin PBXGroup section */
		1D98AAF21D95C81400BF421C = {
			isa = PBXGroup;
			children = (
				1D98AAFD1D95C81400BF421C /* Quiz */,
				1D98AB121D95C81400BF421C /* QuizTests */,
				1D98AB1D1D95C81400BF421C /* QuizUITests */,
				1D98AAFC1D95C81400BF421C /* Products */,
			);
			sourceTree = "<group>";
		};
		1D98AAFC1D95C81400BF421C /* Products */ = {
			isa = PBXGroup;
			children = (
				1D98AAFB1D95C81400BF421C /* Quiz.app */,
				1D98AB0F1D95C81400BF421C /* QuizTests.xctest */,
				1D98AB1A1D95C81400BF421C /* QuizUITests.xctest */,
			);
			name = Products;
			sourceTree = "<group>";
		};
		1D98AAFD1D95C81400BF421C /* Quiz */ = {
			isa = PBXGroup;
			children = (
				1D98AAFE1D95C81400BF421C /* AppDelegate.swift */,
				1D98AB001D95C81400BF421C /* ViewController.swift */,
				1D98AB021D95C81400BF421C /* Main.storyboard */,
				1D98AB051D95C81400BF421C /* Assets.xcassets */,
				1D98AB071D95C81400BF421C /* LaunchScreen.storyboard */,
				1D98AB0A1D95C81400BF421C /* Info.plist */,
			);
			path = Quiz;
			sourceTree = "<group>";
		};
		1D98AB121D95C81400BF421C /* QuizTests */ = {
			isa = PBXGroup;
			children = (
				1D98AB131D95C81400BF421C /* QuizTests.swift */,
				1D98AB151D95C81400BF421C /* Info.plist */,
			);
			path = QuizTests;
			sourceTree = "<group>";
		};
		1D98AB1D1D95C81400BF421C /* QuizUITests */ = {
			isa = PBXGroup;
			children = (
				1D98AB1E1D95C81400BF421C /* QuizUITests.swift */,
				1D98AB201D95C81400BF421C /* Info.plist */,
			);
			path = QuizUITests;
			sourceTree = "<group>";
		};
/* End PBXGroup section */

/* Begin PBXNativeTarget section */
		1D98AAFA1D95C81400BF421C /* Quiz */ = {
			isa = PBXNativeTarget;
			buildConfigurationList = 1D98AB231D95C81400BF421C /* Build configuration list for PBXNativeTarget "Quiz" */;
			buildPhases = (
				1D98AAF71D95C81400BF421C /* Sources */,
				1D98AAF81D95C81400BF421C /* Frameworks */,
				1D98AAF91D95C81400BF421C /* Resources */,
			);
			buildRules = (
			);
			dependencies = (
			);
			name = Quiz;
			productName = Quiz;
			productReference = 1D98AAFB1D95C81400BF421C /* Quiz.app */;
			productType = "com.apple.product-type.application";
		};
		1D98AB0E1D95C81400BF421C /* QuizTests */ = {
			isa = PBXNativeTarget;
			buildConfigurationList = 1D98AB261D95C81400BF421C /* Build configuration list for PBXNativeTarget "QuizTests" */;
			buildPhases = (
				1D98AB0B1D95C81400BF421C /* Sources */,
				1D98AB0C1D95C81400BF421C /* Frameworks */,
				1D98AB0D1D95C81400BF421C /* Resources */,
			);
			buildRules = (
			);
			dependencies = (
				1D98AB111D95C81400BF421C /* PBXTargetDependency */,
			);
			name = QuizTests;
			productName = QuizTests;
			productReference = 1D98AB0F1D95C81400BF421C /* QuizTests.xctest */;
			productType = "com.apple.product-type.bundle.unit-test";
		};
		1D98AB191D95C81400BF421C /* QuizUITests */ = {
			isa = PBXNativeTarget;
			buildConfigurationList = 1D98AB291D95C81400BF421C /* Build configuration list for PBXNativeTarget "QuizUITests" */;
			buildPhases = (
				1D98AB161D95C81400BF421C /* Sources */,
				1D98AB171D95C81400BF421C /* Frameworks */,
				1D98AB181D95C81400BF421C /* Resources */,
			);
			buildRules = (
			);
			dependencies = (
				1D98AB1C1D95C81400BF421C /* PBXTargetDependency */,
			);
			name = QuizUITests;
			productName = QuizUITests;
			productReference = 1D98AB1A1D95C81400BF421C /* QuizUITests.xctest */;
			productType = "com.apple.product-type.bundle.ui-testing";
		};
/* End PBXNativeTarget section */

/* Begin PBXProject section */
		1D98AAF31D95C81400BF421C /* Project object */ = {
			isa = PBXProject;
			attributes = {
				LastSwiftUpdateCheck = 0800;
				LastUpgradeCheck = 0800;
				ORGANIZATIONNAME = YelenaBarilo;
				TargetAttributes = {
					1D98AAFA1D95C81400BF421C = {
						CreatedOnToolsVersion = 8.0;
						ProvisioningStyle = Automatic;
					};
					1D98AB0E1D95C81400BF421C = {
						CreatedOnToolsVersion = 8.0;
						ProvisioningStyle = Automatic;
						TestTargetID = 1D98AAFA1D95C81400BF421C;
					};
					1D98AB191D95C81400BF421C = {
						CreatedOnToolsVersion = 8.0;
						ProvisioningStyle = Automatic;
						TestTargetID = 1D98AAFA1D95C81400BF421C;
					};
				};
			};
			buildConfigurationList = 1D98AAF61D95C81400BF421C /* Build configuration list for PBXProject "Quiz" */;
			compatibilityVersion = "Xcode 3.2";
			developmentRegion = English;
			hasScannedForEncodings = 0;
			knownRegions = (
				en,
				Base,
			);
			mainGroup = 1D98AAF21D95C81400BF421C;
			productRefGroup = 1D98AAFC1D95C81400BF421C /* Products */;
			projectDirPath = "";
			projectRoot = "";
			targets = (
				1D98AAFA1D95C81400BF421C /* Quiz */,
				1D98AB0E1D95C81400BF421C /* QuizTests */,
				1D98AB191D95C81400BF421C /* QuizUITests */,
			);
		};
/* End PBXProject section */

/* Begin PBXResourcesBuildPhase section */
		1D98AAF91D95C81400BF421C /* Resources */ = {
			isa = PBXResourcesBuildPhase;
			buildActionMask = 2147483647;
			files = (
				1D98AB091D95C81400BF421C /* LaunchScreen.storyboard in Resources */,
				1D98AB061D95C81400BF421C /* Assets.xcassets in Resources */,
				1D98AB041D95C81400BF421C /* Main.storyboard in Resources */,
			);
			runOnlyForDeploymentPostprocessing = 0;
		};
		1D98AB0D1D95C81400BF421C /* Resources */ = {
			isa = PBXResourcesBuildPhase;
			buildActionMask = 2147483647;
			files = (
			);
			runOnlyForDeploymentPostprocessing = 0;
		};
		1D98AB181D95C81400BF421C /* Resources */ = {
			isa = PBXResourcesBuildPhase;
			buildActionMask = 2147483647;
			files = (
			);
			runOnlyForDeploymentPostprocessing = 0;
		};
/* End PBXResourcesBuildPhase section */

/* Begin PBXSourcesBuildPhase section */
		1D98AAF71D95C81400BF421C /* Sources */ = {
			isa = PBXSourcesBuildPhase;
			buildActionMask = 2147483647;
			files = (
				1D98AB011D95C81400BF421C /* ViewController.swift in Sources */,
				1D98AAFF1D95C81400BF421C /* AppDelegate.swift in Sources */,
			);
			runOnlyForDeploymentPostprocessing = 0;
		};
		1D98AB0B1D95C81400BF421C /* Sources */ = {
			isa = PBXSourcesBuildPhase;
			buildActionMask = 2147483647;
			files = (
				1D98AB141D95C81400BF421C /* QuizTests.swift in Sources */,
			);
			runOnlyForDeploymentPostprocessing = 0;
		};
		1D98AB161D95C81400BF421C /* Sources */ = {
			isa = PBXSourcesBuildPhase;
			buildActionMask = 2147483647;
			files = (
				1D98AB1F1D95C81400BF421C /* QuizUITests.swift in Sources */,
			);
			runOnlyForDeploymentPostprocessing = 0;
		};
/* End PBXSourcesBuildPhase section */

/* Begin PBXTargetDependency section */
		1D98AB111D95C81400BF421C /* PBXTargetDependency */ = {
			isa = PBXTargetDependency;
			target = 1D98AAFA1D95C81400BF421C /* Quiz */;
			targetProxy = 1D98AB101D95C81400BF421C /* PBXContainerItemProxy */;
		};
		1D98AB1C1D95C81400BF421C /* PBXTargetDependency */ = {
			isa = PBXTargetDependency;
			target = 1D98AAFA1D95C81400BF421C /* Quiz */;
			targetProxy = 1D98AB1B1D95C81400BF421C /* PBXContainerItemProxy */;
		};
/* End PBXTargetDependency section */

/* Begin PBXVariantGroup section */
		1D98AB021D95C81400BF421C /* Main.storyboard */ = {
			isa = PBXVariantGroup;
			children = (
				1D98AB031D95C81400BF421C /* Base */,
			);
			name = Main.storyboard;
			sourceTree = "<group>";
		};
		1D98AB071D95C81400BF421C /* LaunchScreen.storyboard */ = {
			isa = PBXVariantGroup;
			children = (
				1D98AB081D95C81400BF421C /* Base */,
			);
			name = LaunchScreen.storyboard;
			sourceTree = "<group>";
		};
/* End PBXVariantGroup section */

/* Begin XCBuildConfiguration section */
		1D98AB211D95C81400BF421C /* Debug */ = {
			isa = XCBuildConfiguration;
			buildSettings = {
				ALWAYS_SEARCH_USER_PATHS = NO;
				CLANG_ANALYZER_NONNULL = YES;
				CLANG_CXX_LANGUAGE_STANDARD = "gnu++0x";
				CLANG_CXX_LIBRARY = "libc++";
				CLANG_ENABLE_MODULES = YES;
				CLANG_ENABLE_OBJC_ARC = YES;
				CLANG_WARN_BOOL_CONVERSION = YES;
				CLANG_WARN_CONSTANT_CONVERSION = YES;
				CLANG_WARN_DIRECT_OBJC_ISA_USAGE = YES_ERROR;
				CLANG_WARN_DOCUMENTATION_COMMENTS = YES;
				CLANG_WARN_EMPTY_BODY = YES;
				CLANG_WARN_ENUM_CONVERSION = YES;
				CLANG_WARN_INFINITE_RECURSION = YES;
				CLANG_WARN_INT_CONVERSION = YES;
				CLANG_WARN_OBJC_ROOT_CLASS = YES_ERROR;
				CLANG_WARN_SUSPICIOUS_MOVES = YES;
				CLANG_WARN_UNREACHABLE_CODE = YES;
				CLANG_WARN__DUPLICATE_METHOD_MATCH = YES;
				"CODE_SIGN_IDENTITY[sdk=iphoneos*]" = "iPhone Developer";
				COPY_PHASE_STRIP = NO;
				DEBUG_INFORMATION_FORMAT = dwarf;
				ENABLE_STRICT_OBJC_MSGSEND = YES;
				ENABLE_TESTABILITY = YES;
				GCC_C_LANGUAGE_STANDARD = gnu99;
				GCC_DYNAMIC_NO_PIC = NO;
				GCC_NO_COMMON_BLOCKS = YES;
				GCC_OPTIMIZATION_LEVEL = 0;
				GCC_PREPROCESSOR_DEFINITIONS = (
					"DEBUG=1",
					"$(inherited)",
				);
				GCC_WARN_64_TO_32_BIT_CONVERSION = YES;
				GCC_WARN_ABOUT_RETURN_TYPE = YES_ERROR;
				GCC_WARN_UNDECLARED_SELECTOR = YES;
				GCC_WARN_UNINITIALIZED_AUTOS = YES_AGGRESSIVE;
				GCC_WARN_UNUSED_FUNCTION = YES;
				GCC_WARN_UNUSED_VARIABLE = YES;
				IPHONEOS_DEPLOYMENT_TARGET = 10.0;
				MTL_ENABLE_DEBUG_INFO = YES;
				ONLY_ACTIVE_ARCH = YES;
				SDKROOT = iphoneos;
				SWIFT_ACTIVE_COMPILATION_CONDITIONS = DEBUG;
				SWIFT_OPTIMIZATION_LEVEL = "-Onone";
			};
			name = Debug;
		};
		1D98AB221D95C81400BF421C /* Release */ = {
			isa = XCBuildConfiguration;
			buildSettings = {
				ALWAYS_SEARCH_USER_PATHS = NO;
				CLANG_ANALYZER_NONNULL = YES;
				CLANG_CXX_LANGUAGE_STANDARD = "gnu++0x";
				CLANG_CXX_LIBRARY = "libc++";
				CLANG_ENABLE_MODULES = YES;
				CLANG_ENABLE_OBJC_ARC = YES;
				CLANG_WARN_BOOL_CONVERSION = YES;
				CLANG_WARN_CONSTANT_CONVERSION = YES;
				CLANG_WARN_DIRECT_OBJC_ISA_USAGE = YES_ERROR;
				CLANG_WARN_DOCUMENTATION_COMMENTS = YES;
				CLANG_WARN_EMPTY_BODY = YES;
				CLANG_WARN_ENUM_CONVERSION = YES;
				CLANG_WARN_INFINITE_RECURSION = YES;
				CLANG_WARN_INT_CONVERSION = YES;
				CLANG_WARN_OBJC_ROOT_CLASS = YES_ERROR;
				CLANG_WARN_SUSPICIOUS_MOVES = YES;
				CLANG_WARN_UNREACHABLE_CODE = YES;
				CLANG_WARN__DUPLICATE_METHOD_MATCH = YES;
				"CODE_SIGN_IDENTITY[sdk=iphoneos*]" = "iPhone Developer";
				COPY_PHASE_STRIP = NO;
				DEBUG_INFORMATION_FORMAT = "dwarf-with-dsym";
				ENABLE_NS_ASSERTIONS = NO;
				ENABLE_STRICT_OBJC_MSGSEND = YES;
				GCC_C_LANGUAGE_STANDARD = gnu99;
				GCC_NO_COMMON_BLOCKS = YES;
				GCC_WARN_64_TO_32_BIT_CONVERSION = YES;
				GCC_WARN_ABOUT_RETURN_TYPE = YES_ERROR;
				GCC_WARN_UNDECLARED_SELECTOR = YES;
				GCC_WARN_UNINITIALIZED_AUTOS = YES_AGGRESSIVE;
				GCC_WARN_UNUSED_FUNCTION = YES;
				GCC_WARN_UNUSED_VARIABLE = YES;
				IPHONEOS_DEPLOYMENT_TARGET = 10.0;
				MTL_ENABLE_DEBUG_INFO = NO;
				SDKROOT = iphoneos;
				SWIFT_OPTIMIZATION_LEVEL = "-Owholemodule";
				VALIDATE_PRODUCT = YES;
			};
			name = Release;
		};
		1D98AB241D95C81400BF421C /* Debug */ = {
			isa = XCBuildConfiguration;
			buildSettings = {
				ASSETCATALOG_COMPILER_APPICON_NAME = AppIcon;
				INFOPLIST_FILE = Quiz/Info.plist;
				LD_RUNPATH_SEARCH_PATHS = "$(inherited) @executable_path/Frameworks";
				PRODUCT_BUNDLE_IDENTIFIER = Test.Quiz;
				PRODUCT_NAME = "$(TARGET_NAME)";
				SWIFT_VERSION = 3.0;
			};
			name = Debug;
		};
		1D98AB251D95C81400BF421C /* Release */ = {
			isa = XCBuildConfiguration;
			buildSettings = {
				ASSETCATALOG_COMPILER_APPICON_NAME = AppIcon;
				INFOPLIST_FILE = Quiz/Info.plist;
				LD_RUNPATH_SEARCH_PATHS = "$(inherited) @executable_path/Frameworks";
				PRODUCT_BUNDLE_IDENTIFIER = Test.Quiz;
				PRODUCT_NAME = "$(TARGET_NAME)";
				SWIFT_VERSION = 3.0;
			};
			name = Release;
		};
		1D98AB271D95C81400BF421C /* Debug */ = {
			isa = XCBuildConfiguration;
			buildSettings = {
				ALWAYS_EMBED_SWIFT_STANDARD_LIBRARIES = YES;
				BUNDLE_LOADER = "$(TEST_HOST)";
				INFOPLIST_FILE = QuizTests/Info.plist;
				LD_RUNPATH_SEARCH_PATHS = "$(inherited) @executable_path/Frameworks @loader_path/Frameworks";
				PRODUCT_BUNDLE_IDENTIFIER = Test.QuizTests;
				PRODUCT_NAME = "$(TARGET_NAME)";
				SWIFT_VERSION = 3.0;
				TEST_HOST = "$(BUILT_PRODUCTS_DIR)/Quiz.app/Quiz";
			};
			name = Debug;
		};
		1D98AB281D95C81400BF421C /* Release */ = {
			isa = XCBuildConfiguration;
			buildSettings = {
				ALWAYS_EMBED_SWIFT_STANDARD_LIBRARIES = YES;
				BUNDLE_LOADER = "$(TEST_HOST)";
				INFOPLIST_FILE = QuizTests/Info.plist;
				LD_RUNPATH_SEARCH_PATHS = "$(inherited) @executable_path/Frameworks @loader_path/Frameworks";
				PRODUCT_BUNDLE_IDENTIFIER = Test.QuizTests;
				PRODUCT_NAME = "$(TARGET_NAME)";
				SWIFT_VERSION = 3.0;
				TEST_HOST = "$(BUILT_PRODUCTS_DIR)/Quiz.app/Quiz";
			};
			name = Release;
		};
		1D98AB2A1D95C81400BF421C /* Debug */ = {
			isa = XCBuildConfiguration;
			buildSettings = {
				ALWAYS_EMBED_SWIFT_STANDARD_LIBRARIES = YES;
				INFOPLIST_FILE = QuizUITests/Info.plist;
				LD_RUNPATH_SEARCH_PATHS = "$(inherited) @executable_path/Frameworks @loader_path/Frameworks";
				PRODUCT_BUNDLE_IDENTIFIER = Test.QuizUITests;
				PRODUCT_NAME = "$(TARGET_NAME)";
				SWIFT_VERSION = 3.0;
				TEST_TARGET_NAME = Quiz;
			};
			name = Debug;
		};
		1D98AB2B1D95C81400BF421C /* Release */ = {
			isa = XCBuildConfiguration;
			buildSettings = {
				ALWAYS_EMBED_SWIFT_STANDARD_LIBRARIES = YES;
				INFOPLIST_FILE = QuizUITests/Info.plist;
				LD_RUNPATH_SEARCH_PATHS = "$(inherited) @executable_path/Frameworks @loader_path/Frameworks";
				PRODUCT_BUNDLE_IDENTIFIER = Test.QuizUITests;
				PRODUCT_NAME = "$(TARGET_NAME)";
				SWIFT_VERSION = 3.0;
				TEST_TARGET_NAME = Quiz;
			};
			name = Release;
		};
/* End XCBuildConfiguration section */

/* Begin XCConfigurationList section */
		1D98AAF61D95C81400BF421C /* Build configuration list for PBXProject "Quiz" */ = {
			isa = XCConfigurationList;
			buildConfigurations = (
				1D98AB211D95C81400BF421C /* Debug */,
				1D98AB221D95C81400BF421C /* Release */,
			);
			defaultConfigurationIsVisible = 0;
			defaultConfigurationName = Release;
		};
		1D98AB231D95C81400BF421C /* Build configuration list for PBXNativeTarget "Quiz" */ = {
			isa = XCConfigurationList;
			buildConfigurations = (
				1D98AB241D95C81400BF421C /* Debug */,
				1D98AB251D95C81400BF421C /* Release */,
			);
			defaultConfigurationIsVisible = 0;
		};
		1D98AB261D95C81400BF421C /* Build configuration list for PBXNativeTarget "QuizTests" */ = {
			isa = XCConfigurationList;
			buildConfigurations = (
				1D98AB271D95C81400BF421C /* Debug */,
				1D98AB281D95C81400BF421C /* Release */,
			);
			defaultConfigurationIsVisible = 0;
		};
		1D98AB291D95C81400BF421C /* Build configuration list for PBXNativeTarget "QuizUITests" */ = {
			isa = XCConfigurationList;
			buildConfigurations = (
				1D98AB2A1D95C81400BF421C /* Debug */,
				1D98AB2B1D95C81400BF421C /* Release */,
			);
			defaultConfigurationIsVisible = 0;
		};
/* End XCConfigurationList section */
	};
	rootObject = 1D98AAF31D95C81400BF421C /* Project object */;
}
